// !$*UTF8*$!
{
	archiveVersion = 1;
	classes = {
	};
	objectVersion = 50;
	objects = {

/* Begin PBXBuildFile section */
		367BB828265F1737007BE7CE /* CGLogButton.swift in Sources */ = {isa = PBXBuildFile; fileRef = 367BB827265F1737007BE7CE /* CGLogButton.swift */; };
		367BB82D265F189E007BE7CE /* warning-icon-60@2x.png in Resources */ = {isa = PBXBuildFile; fileRef = 367BB82A265F189E007BE7CE /* warning-icon-60@2x.png */; };
		367BB82E265F189E007BE7CE /* memo-background@2x.png in Resources */ = {isa = PBXBuildFile; fileRef = 367BB82B265F189E007BE7CE /* memo-background@2x.png */; };
		367BB82F265F189E007BE7CE /* button-bg.png in Resources */ = {isa = PBXBuildFile; fileRef = 367BB82C265F189E007BE7CE /* button-bg.png */; };
		369534B626787BFB0093CFE0 /* MemoDAO.swift in Sources */ = {isa = PBXBuildFile; fileRef = 369534B526787BFB0093CFE0 /* MemoDAO.swift */; };
		413478022637AA8900390B6F /* AppDelegate.swift in Sources */ = {isa = PBXBuildFile; fileRef = 413478012637AA8900390B6F /* AppDelegate.swift */; };
		413478042637AA8900390B6F /* SceneDelegate.swift in Sources */ = {isa = PBXBuildFile; fileRef = 413478032637AA8900390B6F /* SceneDelegate.swift */; };
		413478092637AA8900390B6F /* Main.storyboard in Resources */ = {isa = PBXBuildFile; fileRef = 413478072637AA8900390B6F /* Main.storyboard */; };
		4134780C2637AA8900390B6F /* Mymemory.xcdatamodeld in Sources */ = {isa = PBXBuildFile; fileRef = 4134780A2637AA8900390B6F /* Mymemory.xcdatamodeld */; };
		4134780E2637AA8B00390B6F /* Assets.xcassets in Resources */ = {isa = PBXBuildFile; fileRef = 4134780D2637AA8B00390B6F /* Assets.xcassets */; };
		413478112637AA8B00390B6F /* LaunchScreen.storyboard in Resources */ = {isa = PBXBuildFile; fileRef = 4134780F2637AA8B00390B6F /* LaunchScreen.storyboard */; };
		4134783C263E2A4200390B6F /* MemoListVC.swift in Sources */ = {isa = PBXBuildFile; fileRef = 4134783B263E2A4200390B6F /* MemoListVC.swift */; };
		4134783E263E2A7600390B6F /* MemoFormVC.swift in Sources */ = {isa = PBXBuildFile; fileRef = 4134783D263E2A7600390B6F /* MemoFormVC.swift */; };
		41347840263E2A9100390B6F /* MemoReadVC.swift in Sources */ = {isa = PBXBuildFile; fileRef = 4134783F263E2A9100390B6F /* MemoReadVC.swift */; };
		41347842263E2AF600390B6F /* MemoCell.swift in Sources */ = {isa = PBXBuildFile; fileRef = 41347841263E2AF600390B6F /* MemoCell.swift */; };
		41347844263E2B6E00390B6F /* MemoData.swift in Sources */ = {isa = PBXBuildFile; fileRef = 41347843263E2B6E00390B6F /* MemoData.swift */; };
		415609E72664B9E9004370B2 /* SWRevealViewController.m in Sources */ = {isa = PBXBuildFile; fileRef = 415609E62664B9E9004370B2 /* SWRevealViewController.m */; };
		415609F12664BBAF004370B2 /* icon01.png in Resources */ = {isa = PBXBuildFile; fileRef = 415609E92664BBAE004370B2 /* icon01.png */; };
		415609F22664BBAF004370B2 /* icon02.png in Resources */ = {isa = PBXBuildFile; fileRef = 415609EA2664BBAF004370B2 /* icon02.png */; };
		415609F32664BBAF004370B2 /* icon03.png in Resources */ = {isa = PBXBuildFile; fileRef = 415609EB2664BBAF004370B2 /* icon03.png */; };
		415609F42664BBAF004370B2 /* icon04.png in Resources */ = {isa = PBXBuildFile; fileRef = 415609EC2664BBAF004370B2 /* icon04.png */; };
		415609F52664BBAF004370B2 /* sidemenu.png in Resources */ = {isa = PBXBuildFile; fileRef = 415609ED2664BBAF004370B2 /* sidemenu.png */; };
		415609F62664BBAF004370B2 /* profile-bg.png in Resources */ = {isa = PBXBuildFile; fileRef = 415609EE2664BBAF004370B2 /* profile-bg.png */; };
		415609F72664BBAF004370B2 /* icon05.png in Resources */ = {isa = PBXBuildFile; fileRef = 415609EF2664BBAF004370B2 /* icon05.png */; };
		415609F82664BBAF004370B2 /* icon06.png in Resources */ = {isa = PBXBuildFile; fileRef = 415609F02664BBAF004370B2 /* icon06.png */; };
		415609FA2664C738004370B2 /* SideBarVC.swift in Sources */ = {isa = PBXBuildFile; fileRef = 415609F92664C738004370B2 /* SideBarVC.swift */; };
		415609FC2664CDAB004370B2 /* account@2x.jpg in Resources */ = {isa = PBXBuildFile; fileRef = 415609FB2664CDAB004370B2 /* account@2x.jpg */; };
		415609FE2664D5E3004370B2 /* ProfileVC.swift in Sources */ = {isa = PBXBuildFile; fileRef = 415609FD2664D5E3004370B2 /* ProfileVC.swift */; };
		416D505B2668B17000DAD774 /* UserInfoManager.swift in Sources */ = {isa = PBXBuildFile; fileRef = 416D505A2668B17000DAD774 /* UserInfoManager.swift */; };
		416D505D266A129700DAD774 /* Tutorial.storyboard in Resources */ = {isa = PBXBuildFile; fileRef = 416D505C266A129700DAD774 /* Tutorial.storyboard */; };
		416D505F266A16C200DAD774 /* Utils.swift in Sources */ = {isa = PBXBuildFile; fileRef = 416D505E266A16C200DAD774 /* Utils.swift */; };
		416D5061266A180D00DAD774 /* TutorialContentsVC.swift in Sources */ = {isa = PBXBuildFile; fileRef = 416D5060266A180D00DAD774 /* TutorialContentsVC.swift */; };
		416D5064266A1A2700DAD774 /* TutorialMasterVC.swift in Sources */ = {isa = PBXBuildFile; fileRef = 416D5063266A1A2700DAD774 /* TutorialMasterVC.swift */; };
/* End PBXBuildFile section */

/* Begin PBXFileReference section */
		367BB827265F1737007BE7CE /* CGLogButton.swift */ = {isa = PBXFileReference; lastKnownFileType = sourcecode.swift; path = CGLogButton.swift; sourceTree = "<group>"; };
		367BB82A265F189E007BE7CE /* warning-icon-60@2x.png */ = {isa = PBXFileReference; lastKnownFileType = image.png; path = "warning-icon-60@2x.png"; sourceTree = "<group>"; };
		367BB82B265F189E007BE7CE /* memo-background@2x.png */ = {isa = PBXFileReference; lastKnownFileType = image.png; path = "memo-background@2x.png"; sourceTree = "<group>"; };
		367BB82C265F189E007BE7CE /* button-bg.png */ = {isa = PBXFileReference; lastKnownFileType = image.png; path = "button-bg.png"; sourceTree = "<group>"; };
		369534B526787BFB0093CFE0 /* MemoDAO.swift */ = {isa = PBXFileReference; lastKnownFileType = sourcecode.swift; path = MemoDAO.swift; sourceTree = "<group>"; };
		413477FE2637AA8900390B6F /* Mymemory.app */ = {isa = PBXFileReference; explicitFileType = wrapper.application; includeInIndex = 0; path = Mymemory.app; sourceTree = BUILT_PRODUCTS_DIR; };
		413478012637AA8900390B6F /* AppDelegate.swift */ = {isa = PBXFileReference; lastKnownFileType = sourcecode.swift; path = AppDelegate.swift; sourceTree = "<group>"; };
		413478032637AA8900390B6F /* SceneDelegate.swift */ = {isa = PBXFileReference; lastKnownFileType = sourcecode.swift; path = SceneDelegate.swift; sourceTree = "<group>"; };
		413478082637AA8900390B6F /* Base */ = {isa = PBXFileReference; lastKnownFileType = file.storyboard; name = Base; path = Base.lproj/Main.storyboard; sourceTree = "<group>"; };
		4134780B2637AA8900390B6F /* Mymemory.xcdatamodel */ = {isa = PBXFileReference; lastKnownFileType = wrapper.xcdatamodel; path = Mymemory.xcdatamodel; sourceTree = "<group>"; };
		4134780D2637AA8B00390B6F /* Assets.xcassets */ = {isa = PBXFileReference; lastKnownFileType = folder.assetcatalog; path = Assets.xcassets; sourceTree = "<group>"; };
		413478102637AA8B00390B6F /* Base */ = {isa = PBXFileReference; lastKnownFileType = file.storyboard; name = Base; path = Base.lproj/LaunchScreen.storyboard; sourceTree = "<group>"; };
		413478122637AA8B00390B6F /* Info.plist */ = {isa = PBXFileReference; lastKnownFileType = text.plist.xml; path = Info.plist; sourceTree = "<group>"; };
		4134783B263E2A4200390B6F /* MemoListVC.swift */ = {isa = PBXFileReference; lastKnownFileType = sourcecode.swift; path = MemoListVC.swift; sourceTree = "<group>"; };
		4134783D263E2A7600390B6F /* MemoFormVC.swift */ = {isa = PBXFileReference; lastKnownFileType = sourcecode.swift; path = MemoFormVC.swift; sourceTree = "<group>"; };
		4134783F263E2A9100390B6F /* MemoReadVC.swift */ = {isa = PBXFileReference; lastKnownFileType = sourcecode.swift; path = MemoReadVC.swift; sourceTree = "<group>"; };
		41347841263E2AF600390B6F /* MemoCell.swift */ = {isa = PBXFileReference; lastKnownFileType = sourcecode.swift; path = MemoCell.swift; sourceTree = "<group>"; };
		41347843263E2B6E00390B6F /* MemoData.swift */ = {isa = PBXFileReference; lastKnownFileType = sourcecode.swift; path = MemoData.swift; sourceTree = "<group>"; };
		415609E52664B9E9004370B2 /* SWRevealViewController.h */ = {isa = PBXFileReference; fileEncoding = 4; lastKnownFileType = sourcecode.c.h; path = SWRevealViewController.h; sourceTree = "<group>"; };
		415609E62664B9E9004370B2 /* SWRevealViewController.m */ = {isa = PBXFileReference; fileEncoding = 4; lastKnownFileType = sourcecode.c.objc; path = SWRevealViewController.m; sourceTree = "<group>"; };
		415609E82664BA8B004370B2 /* Bridging-Header.h */ = {isa = PBXFileReference; lastKnownFileType = sourcecode.c.h; path = "Bridging-Header.h"; sourceTree = "<group>"; };
		415609E92664BBAE004370B2 /* icon01.png */ = {isa = PBXFileReference; lastKnownFileType = image.png; path = icon01.png; sourceTree = "<group>"; };
		415609EA2664BBAF004370B2 /* icon02.png */ = {isa = PBXFileReference; lastKnownFileType = image.png; path = icon02.png; sourceTree = "<group>"; };
		415609EB2664BBAF004370B2 /* icon03.png */ = {isa = PBXFileReference; lastKnownFileType = image.png; path = icon03.png; sourceTree = "<group>"; };
		415609EC2664BBAF004370B2 /* icon04.png */ = {isa = PBXFileReference; lastKnownFileType = image.png; path = icon04.png; sourceTree = "<group>"; };
		415609ED2664BBAF004370B2 /* sidemenu.png */ = {isa = PBXFileReference; lastKnownFileType = image.png; path = sidemenu.png; sourceTree = "<group>"; };
		415609EE2664BBAF004370B2 /* profile-bg.png */ = {isa = PBXFileReference; lastKnownFileType = image.png; path = "profile-bg.png"; sourceTree = "<group>"; };
		415609EF2664BBAF004370B2 /* icon05.png */ = {isa = PBXFileReference; lastKnownFileType = image.png; path = icon05.png; sourceTree = "<group>"; };
		415609F02664BBAF004370B2 /* icon06.png */ = {isa = PBXFileReference; lastKnownFileType = image.png; path = icon06.png; sourceTree = "<group>"; };
		415609F92664C738004370B2 /* SideBarVC.swift */ = {isa = PBXFileReference; lastKnownFileType = sourcecode.swift; path = SideBarVC.swift; sourceTree = "<group>"; };
		415609FB2664CDAB004370B2 /* account@2x.jpg */ = {isa = PBXFileReference; lastKnownFileType = image.jpeg; path = "account@2x.jpg"; sourceTree = "<group>"; };
		415609FD2664D5E3004370B2 /* ProfileVC.swift */ = {isa = PBXFileReference; lastKnownFileType = sourcecode.swift; path = ProfileVC.swift; sourceTree = "<group>"; };
		416D505A2668B17000DAD774 /* UserInfoManager.swift */ = {isa = PBXFileReference; lastKnownFileType = sourcecode.swift; path = UserInfoManager.swift; sourceTree = "<group>"; };
		416D505C266A129700DAD774 /* Tutorial.storyboard */ = {isa = PBXFileReference; lastKnownFileType = file.storyboard; path = Tutorial.storyboard; sourceTree = "<group>"; };
		416D505E266A16C200DAD774 /* Utils.swift */ = {isa = PBXFileReference; lastKnownFileType = sourcecode.swift; path = Utils.swift; sourceTree = "<group>"; };
		416D5060266A180D00DAD774 /* TutorialContentsVC.swift */ = {isa = PBXFileReference; lastKnownFileType = sourcecode.swift; path = TutorialContentsVC.swift; sourceTree = "<group>"; };
		416D5063266A1A2700DAD774 /* TutorialMasterVC.swift */ = {isa = PBXFileReference; lastKnownFileType = sourcecode.swift; path = TutorialMasterVC.swift; sourceTree = "<group>"; };
/* End PBXFileReference section */

/* Begin PBXFrameworksBuildPhase section */
		413477FB2637AA8900390B6F /* Frameworks */ = {
			isa = PBXFrameworksBuildPhase;
			buildActionMask = 2147483647;
			files = (
			);
			runOnlyForDeploymentPostprocessing = 0;
		};
/* End PBXFrameworksBuildPhase section */

/* Begin PBXGroup section */
		367BB829265F189E007BE7CE /* Resources */ = {
			isa = PBXGroup;
			children = (
				415609FB2664CDAB004370B2 /* account@2x.jpg */,
				415609E92664BBAE004370B2 /* icon01.png */,
				415609EA2664BBAF004370B2 /* icon02.png */,
				415609EB2664BBAF004370B2 /* icon03.png */,
				415609EC2664BBAF004370B2 /* icon04.png */,
				415609EF2664BBAF004370B2 /* icon05.png */,
				415609F02664BBAF004370B2 /* icon06.png */,
				415609EE2664BBAF004370B2 /* profile-bg.png */,
				415609ED2664BBAF004370B2 /* sidemenu.png */,
				367BB82A265F189E007BE7CE /* warning-icon-60@2x.png */,
				367BB82B265F189E007BE7CE /* memo-background@2x.png */,
				367BB82C265F189E007BE7CE /* button-bg.png */,
			);
			path = Resources;
			sourceTree = "<group>";
		};
		413477F52637AA8900390B6F = {
			isa = PBXGroup;
			children = (
				367BB829265F189E007BE7CE /* Resources */,
				413478002637AA8900390B6F /* Mymemory */,
				413477FF2637AA8900390B6F /* Products */,
			);
			sourceTree = "<group>";
		};
		413477FF2637AA8900390B6F /* Products */ = {
			isa = PBXGroup;
			children = (
				413477FE2637AA8900390B6F /* Mymemory.app */,
			);
			name = Products;
			sourceTree = "<group>";
		};
		413478002637AA8900390B6F /* Mymemory */ = {
			isa = PBXGroup;
			children = (
				416D5062266A183100DAD774 /* Tutorial */,
				416D505C266A129700DAD774 /* Tutorial.storyboard */,
				413478072637AA8900390B6F /* Main.storyboard */,
				415609E52664B9E9004370B2 /* SWRevealViewController.h */,
				416D505E266A16C200DAD774 /* Utils.swift */,
				415609E62664B9E9004370B2 /* SWRevealViewController.m */,
				415609E82664BA8B004370B2 /* Bridging-Header.h */,
				413478012637AA8900390B6F /* AppDelegate.swift */,
				413478032637AA8900390B6F /* SceneDelegate.swift */,
				367BB827265F1737007BE7CE /* CGLogButton.swift */,
				41347843263E2B6E00390B6F /* MemoData.swift */,
				369534B526787BFB0093CFE0 /* MemoDAO.swift */,
				416D505A2668B17000DAD774 /* UserInfoManager.swift */,
				41347841263E2AF600390B6F /* MemoCell.swift */,
				415609F92664C738004370B2 /* SideBarVC.swift */,
				415609FD2664D5E3004370B2 /* ProfileVC.swift */,
				4134783B263E2A4200390B6F /* MemoListVC.swift */,
				4134783D263E2A7600390B6F /* MemoFormVC.swift */,
				4134783F263E2A9100390B6F /* MemoReadVC.swift */,
				4134780D2637AA8B00390B6F /* Assets.xcassets */,
				4134780F2637AA8B00390B6F /* LaunchScreen.storyboard */,
				413478122637AA8B00390B6F /* Info.plist */,
				4134780A2637AA8900390B6F /* Mymemory.xcdatamodeld */,
			);
			path = Mymemory;
			sourceTree = "<group>";
		};
		416D5062266A183100DAD774 /* Tutorial */ = {
			isa = PBXGroup;
			children = (
				416D5060266A180D00DAD774 /* TutorialContentsVC.swift */,
				416D5063266A1A2700DAD774 /* TutorialMasterVC.swift */,
			);
			path = Tutorial;
			sourceTree = "<group>";
		};
/* End PBXGroup section */

/* Begin PBXNativeTarget section */
		413477FD2637AA8900390B6F /* Mymemory */ = {
			isa = PBXNativeTarget;
			buildConfigurationList = 413478152637AA8B00390B6F /* Build configuration list for PBXNativeTarget "Mymemory" */;
			buildPhases = (
				413477FA2637AA8900390B6F /* Sources */,
				413477FB2637AA8900390B6F /* Frameworks */,
				413477FC2637AA8900390B6F /* Resources */,
			);
			buildRules = (
			);
			dependencies = (
			);
			name = Mymemory;
			productName = Mymemory;
			productReference = 413477FE2637AA8900390B6F /* Mymemory.app */;
			productType = "com.apple.product-type.application";
		};
/* End PBXNativeTarget section */

/* Begin PBXProject section */
		413477F62637AA8900390B6F /* Project object */ = {
			isa = PBXProject;
			attributes = {
				LastSwiftUpdateCheck = 1160;
				LastUpgradeCheck = 1160;
				ORGANIZATIONNAME = rubypaper;
				TargetAttributes = {
					413477FD2637AA8900390B6F = {
						CreatedOnToolsVersion = 11.6;
						LastSwiftMigration = 1250;
					};
				};
			};
			buildConfigurationList = 413477F92637AA8900390B6F /* Build configuration list for PBXProject "Mymemory" */;
			compatibilityVersion = "Xcode 9.3";
			developmentRegion = en;
			hasScannedForEncodings = 0;
			knownRegions = (
				en,
				Base,
			);
			mainGroup = 413477F52637AA8900390B6F;
			productRefGroup = 413477FF2637AA8900390B6F /* Products */;
			projectDirPath = "";
			projectRoot = "";
			targets = (
				413477FD2637AA8900390B6F /* Mymemory */,
			);
		};
/* End PBXProject section */

/* Begin PBXResourcesBuildPhase section */
		413477FC2637AA8900390B6F /* Resources */ = {
			isa = PBXResourcesBuildPhase;
			buildActionMask = 2147483647;
			files = (
				415609F52664BBAF004370B2 /* sidemenu.png in Resources */,
				415609F32664BBAF004370B2 /* icon03.png in Resources */,
				415609F22664BBAF004370B2 /* icon02.png in Resources */,
				367BB82E265F189E007BE7CE /* memo-background@2x.png in Resources */,
				415609F62664BBAF004370B2 /* profile-bg.png in Resources */,
				413478112637AA8B00390B6F /* LaunchScreen.storyboard in Resources */,
				415609F82664BBAF004370B2 /* icon06.png in Resources */,
				415609F42664BBAF004370B2 /* icon04.png in Resources */,
				4134780E2637AA8B00390B6F /* Assets.xcassets in Resources */,
				415609F72664BBAF004370B2 /* icon05.png in Resources */,
				367BB82D265F189E007BE7CE /* warning-icon-60@2x.png in Resources */,
				415609F12664BBAF004370B2 /* icon01.png in Resources */,
				415609FC2664CDAB004370B2 /* account@2x.jpg in Resources */,
				367BB82F265F189E007BE7CE /* button-bg.png in Resources */,
				416D505D266A129700DAD774 /* Tutorial.storyboard in Resources */,
				413478092637AA8900390B6F /* Main.storyboard in Resources */,
			);
			runOnlyForDeploymentPostprocessing = 0;
		};
/* End PBXResourcesBuildPhase section */

/* Begin PBXSourcesBuildPhase section */
		413477FA2637AA8900390B6F /* Sources */ = {
			isa = PBXSourcesBuildPhase;
			buildActionMask = 2147483647;
			files = (
				415609FE2664D5E3004370B2 /* ProfileVC.swift in Sources */,
				41347842263E2AF600390B6F /* MemoCell.swift in Sources */,
				41347844263E2B6E00390B6F /* MemoData.swift in Sources */,
				416D505F266A16C200DAD774 /* Utils.swift in Sources */,
				4134780C2637AA8900390B6F /* Mymemory.xcdatamodeld in Sources */,
				4134783E263E2A7600390B6F /* MemoFormVC.swift in Sources */,
				41347840263E2A9100390B6F /* MemoReadVC.swift in Sources */,
				413478022637AA8900390B6F /* AppDelegate.swift in Sources */,
				367BB828265F1737007BE7CE /* CGLogButton.swift in Sources */,
				415609E72664B9E9004370B2 /* SWRevealViewController.m in Sources */,
				416D5064266A1A2700DAD774 /* TutorialMasterVC.swift in Sources */,
				369534B626787BFB0093CFE0 /* MemoDAO.swift in Sources */,
				415609FA2664C738004370B2 /* SideBarVC.swift in Sources */,
				4134783C263E2A4200390B6F /* MemoListVC.swift in Sources */,
				416D505B2668B17000DAD774 /* UserInfoManager.swift in Sources */,
				416D5061266A180D00DAD774 /* TutorialContentsVC.swift in Sources */,
				413478042637AA8900390B6F /* SceneDelegate.swift in Sources */,
			);
			runOnlyForDeploymentPostprocessing = 0;
		};
/* End PBXSourcesBuildPhase section */

/* Begin PBXVariantGroup section */
		413478072637AA8900390B6F /* Main.storyboard */ = {
			isa = PBXVariantGroup;
			children = (
				413478082637AA8900390B6F /* Base */,
			);
			name = Main.storyboard;
			sourceTree = "<group>";
		};
		4134780F2637AA8B00390B6F /* LaunchScreen.storyboard */ = {
			isa = PBXVariantGroup;
			children = (
				413478102637AA8B00390B6F /* Base */,
			);
			name = LaunchScreen.storyboard;
			sourceTree = "<group>";
		};
/* End PBXVariantGroup section */

/* Begin XCBuildConfiguration section */
		413478132637AA8B00390B6F /* Debug */ = {
			isa = XCBuildConfiguration;
			buildSettings = {
				ALWAYS_SEARCH_USER_PATHS = NO;
				CLANG_ANALYZER_NONNULL = YES;
				CLANG_ANALYZER_NUMBER_OBJECT_CONVERSION = YES_AGGRESSIVE;
				CLANG_CXX_LANGUAGE_STANDARD = "gnu++14";
				CLANG_CXX_LIBRARY = "libc++";
				CLANG_ENABLE_MODULES = YES;
				CLANG_ENABLE_OBJC_ARC = YES;
				CLANG_ENABLE_OBJC_WEAK = YES;
				CLANG_WARN_BLOCK_CAPTURE_AUTORELEASING = YES;
				CLANG_WARN_BOOL_CONVERSION = YES;
				CLANG_WARN_COMMA = YES;
				CLANG_WARN_CONSTANT_CONVERSION = YES;
				CLANG_WARN_DEPRECATED_OBJC_IMPLEMENTATIONS = YES;
				CLANG_WARN_DIRECT_OBJC_ISA_USAGE = YES_ERROR;
				CLANG_WARN_DOCUMENTATION_COMMENTS = YES;
				CLANG_WARN_EMPTY_BODY = YES;
				CLANG_WARN_ENUM_CONVERSION = YES;
				CLANG_WARN_INFINITE_RECURSION = YES;
				CLANG_WARN_INT_CONVERSION = YES;
				CLANG_WARN_NON_LITERAL_NULL_CONVERSION = YES;
				CLANG_WARN_OBJC_IMPLICIT_RETAIN_SELF = YES;
				CLANG_WARN_OBJC_LITERAL_CONVERSION = YES;
				CLANG_WARN_OBJC_ROOT_CLASS = YES_ERROR;
				CLANG_WARN_RANGE_LOOP_ANALYSIS = YES;
				CLANG_WARN_STRICT_PROTOTYPES = YES;
				CLANG_WARN_SUSPICIOUS_MOVE = YES;
				CLANG_WARN_UNGUARDED_AVAILABILITY = YES_AGGRESSIVE;
				CLANG_WARN_UNREACHABLE_CODE = YES;
				CLANG_WARN__DUPLICATE_METHOD_MATCH = YES;
				COPY_PHASE_STRIP = NO;
				DEBUG_INFORMATION_FORMAT = dwarf;
				ENABLE_STRICT_OBJC_MSGSEND = YES;
				ENABLE_TESTABILITY = YES;
				GCC_C_LANGUAGE_STANDARD = gnu11;
				GCC_DYNAMIC_NO_PIC = NO;
				GCC_NO_COMMON_BLOCKS = YES;
				GCC_OPTIMIZATION_LEVEL = 0;
				GCC_PREPROCESSOR_DEFINITIONS = (
					"DEBUG=1",
					"$(inherited)",
				);
				GCC_WARN_64_TO_32_BIT_CONVERSION = YES;
				GCC_WARN_ABOUT_RETURN_TYPE = YES_ERROR;
				GCC_WARN_UNDECLARED_SELECTOR = YES;
				GCC_WARN_UNINITIALIZED_AUTOS = YES_AGGRESSIVE;
				GCC_WARN_UNUSED_FUNCTION = YES;
				GCC_WARN_UNUSED_VARIABLE = YES;
				IPHONEOS_DEPLOYMENT_TARGET = 13.6;
				MTL_ENABLE_DEBUG_INFO = INCLUDE_SOURCE;
				MTL_FAST_MATH = YES;
				ONLY_ACTIVE_ARCH = YES;
				SDKROOT = iphoneos;
				SWIFT_ACTIVE_COMPILATION_CONDITIONS = DEBUG;
				SWIFT_OPTIMIZATION_LEVEL = "-Onone";
			};
			name = Debug;
		};
		413478142637AA8B00390B6F /* Release */ = {
			isa = XCBuildConfiguration;
			buildSettings = {
				ALWAYS_SEARCH_USER_PATHS = NO;
				CLANG_ANALYZER_NONNULL = YES;
				CLANG_ANALYZER_NUMBER_OBJECT_CONVERSION = YES_AGGRESSIVE;
				CLANG_CXX_LANGUAGE_STANDARD = "gnu++14";
				CLANG_CXX_LIBRARY = "libc++";
				CLANG_ENABLE_MODULES = YES;
				CLANG_ENABLE_OBJC_ARC = YES;
				CLANG_ENABLE_OBJC_WEAK = YES;
				CLANG_WARN_BLOCK_CAPTURE_AUTORELEASING = YES;
				CLANG_WARN_BOOL_CONVERSION = YES;
				CLANG_WARN_COMMA = YES;
				CLANG_WARN_CONSTANT_CONVERSION = YES;
				CLANG_WARN_DEPRECATED_OBJC_IMPLEMENTATIONS = YES;
				CLANG_WARN_DIRECT_OBJC_ISA_USAGE = YES_ERROR;
				CLANG_WARN_DOCUMENTATION_COMMENTS = YES;
				CLANG_WARN_EMPTY_BODY = YES;
				CLANG_WARN_ENUM_CONVERSION = YES;
				CLANG_WARN_INFINITE_RECURSION = YES;
				CLANG_WARN_INT_CONVERSION = YES;
				CLANG_WARN_NON_LITERAL_NULL_CONVERSION = YES;
				CLANG_WARN_OBJC_IMPLICIT_RETAIN_SELF = YES;
				CLANG_WARN_OBJC_LITERAL_CONVERSION = YES;
				CLANG_WARN_OBJC_ROOT_CLASS = YES_ERROR;
				CLANG_WARN_RANGE_LOOP_ANALYSIS = YES;
				CLANG_WARN_STRICT_PROTOTYPES = YES;
				CLANG_WARN_SUSPICIOUS_MOVE = YES;
				CLANG_WARN_UNGUARDED_AVAILABILITY = YES_AGGRESSIVE;
				CLANG_WARN_UNREACHABLE_CODE = YES;
				CLANG_WARN__DUPLICATE_METHOD_MATCH = YES;
				COPY_PHASE_STRIP = NO;
				DEBUG_INFORMATION_FORMAT = "dwarf-with-dsym";
				ENABLE_NS_ASSERTIONS = NO;
				ENABLE_STRICT_OBJC_MSGSEND = YES;
				GCC_C_LANGUAGE_STANDARD = gnu11;
				GCC_NO_COMMON_BLOCKS = YES;
				GCC_WARN_64_TO_32_BIT_CONVERSION = YES;
				GCC_WARN_ABOUT_RETURN_TYPE = YES_ERROR;
				GCC_WARN_UNDECLARED_SELECTOR = YES;
				GCC_WARN_UNINITIALIZED_AUTOS = YES_AGGRESSIVE;
				GCC_WARN_UNUSED_FUNCTION = YES;
				GCC_WARN_UNUSED_VARIABLE = YES;
				IPHONEOS_DEPLOYMENT_TARGET = 13.6;
				MTL_ENABLE_DEBUG_INFO = NO;
				MTL_FAST_MATH = YES;
				SDKROOT = iphoneos;
				SWIFT_COMPILATION_MODE = wholemodule;
				SWIFT_OPTIMIZATION_LEVEL = "-O";
				VALIDATE_PRODUCT = YES;
			};
			name = Release;
		};
		413478162637AA8B00390B6F /* Debug */ = {
			isa = XCBuildConfiguration;
			buildSettings = {
				ASSETCATALOG_COMPILER_APPICON_NAME = AppIcon;
				CLANG_ENABLE_MODULES = YES;
				CODE_SIGN_STYLE = Automatic;
				DEVELOPMENT_TEAM = 56RP69MFU8;
				INFOPLIST_FILE = Mymemory/Info.plist;
				LD_RUNPATH_SEARCH_PATHS = (
					"$(inherited)",
					"@executable_path/Frameworks",
				);
				PRODUCT_BUNDLE_IDENTIFIER = com.rubypaper.Mymemory;
				PRODUCT_NAME = "$(TARGET_NAME)";
				SWIFT_OBJC_BRIDGING_HEADER = "Mymemory/Bridging-Header.h";
				SWIFT_OPTIMIZATION_LEVEL = "-Onone";
				SWIFT_VERSION = 5.0;
				TARGETED_DEVICE_FAMILY = 1;
			};
			name = Debug;
		};
		413478172637AA8B00390B6F /* Release */ = {
			isa = XCBuildConfiguration;
			buildSettings = {
				ASSETCATALOG_COMPILER_APPICON_NAME = AppIcon;
				CLANG_ENABLE_MODULES = YES;
				CODE_SIGN_STYLE = Automatic;
				DEVELOPMENT_TEAM = 56RP69MFU8;
				INFOPLIST_FILE = Mymemory/Info.plist;
				LD_RUNPATH_SEARCH_PATHS = (
					"$(inherited)",
					"@executable_path/Frameworks",
				);
				PRODUCT_BUNDLE_IDENTIFIER = com.rubypaper.Mymemory;
				PRODUCT_NAME = "$(TARGET_NAME)";
				SWIFT_OBJC_BRIDGING_HEADER = "Mymemory/Bridging-Header.h";
				SWIFT_VERSION = 5.0;
				TARGETED_DEVICE_FAMILY = 1;
			};
			name = Release;
		};
/* End XCBuildConfiguration section */

/* Begin XCConfigurationList section */
		413477F92637AA8900390B6F /* Build configuration list for PBXProject "Mymemory" */ = {
			isa = XCConfigurationList;
			buildConfigurations = (
				413478132637AA8B00390B6F /* Debug */,
				413478142637AA8B00390B6F /* Release */,
			);
			defaultConfigurationIsVisible = 0;
			defaultConfigurationName = Release;
		};
		413478152637AA8B00390B6F /* Build configuration list for PBXNativeTarget "Mymemory" */ = {
			isa = XCConfigurationList;
			buildConfigurations = (
				413478162637AA8B00390B6F /* Debug */,
				413478172637AA8B00390B6F /* Release */,
			);
			defaultConfigurationIsVisible = 0;
			defaultConfigurationName = Release;
		};
/* End XCConfigurationList section */

/* Begin XCVersionGroup section */
		4134780A2637AA8900390B6F /* Mymemory.xcdatamodeld */ = {
			isa = XCVersionGroup;
			children = (
				4134780B2637AA8900390B6F /* Mymemory.xcdatamodel */,
			);
			currentVersion = 4134780B2637AA8900390B6F /* Mymemory.xcdatamodel */;
			path = Mymemory.xcdatamodeld;
			sourceTree = "<group>";
			versionGroupType = wrapper.xcdatamodel;
		};
/* End XCVersionGroup section */
	};
	rootObject = 413477F62637AA8900390B6F /* Project object */;
}
